<?xml version="1.0" encoding="utf-8"?>
<Project ToolsVersion="4.0" xmlns="http://schemas.microsoft.com/developer/msbuild/2003">
  <ItemGroup>
    <Filter Include="Source Files">
      <UniqueIdentifier>{85b6e9a1-5dd5-475c-8039-bec362f67bb0}</UniqueIdentifier>
      <Extensions>cpp;c;cxx;rc;def;r;odl;idl;hpj;bat</Extensions>
    </Filter>
    <Filter Include="Header Files">
      <UniqueIdentifier>{12c9a455-b066-426b-abd9-6371261fa0e6}</UniqueIdentifier>
      <Extensions>h;hpp;hxx;hm;inl</Extensions>
    </Filter>
    <Filter Include="Resource Files">
      <UniqueIdentifier>{6a5ecb0c-5c69-4417-acdd-555f3c9e5989}</UniqueIdentifier>
      <Extensions>ico;cur;bmp;dlg;rc2;rct;bin;rgs;gif;jpg;jpeg;jpe</Extensions>
    </Filter>
  </ItemGroup>
  <ItemGroup>
    <ClCompile Include="..\libfcgi\fcgi_stdio.c">
      <Filter>Source Files</Filter>
    </ClCompile>
    <ClCompile Include="..\libfcgi\fcgiapp.c">
      <Filter>Source Files</Filter>
    </ClCompile>
    <ClCompile Include="..\libfcgi\fcgio.cpp">
      <Filter>Source Files</Filter>
    </ClCompile>
    <ClCompile Include="..\libfcgi\os_unix.c">
      <Filter>Source Files</Filter>
    </ClCompile>
    <ClCompile Include="..\libfcgi\os_win32.c">
      <Filter>Source Files</Filter>
    </ClCompile>
    <ClCompile Include="..\libfcgi\strerror.c">
      <Filter>Source Files</Filter>
    </ClCompile>
  </ItemGroup>
  <ItemGroup>
    <ClInclude Include="..\include\fastcgi.h">
      <Filter>Header Files</Filter>
    </ClInclude>
    <ClInclude Include="..\include\fcgi_config.h">
      <Filter>Header Files</Filter>
    </ClInclude>
    <ClInclude Include="..\include\fcgi_config_x86.h">
      <Filter>Header Files</Filter>
    </ClInclude>
    <ClInclude Include="..\include\fcgi_stdio.h">
      <Filter>Header Files</Filter>
    </ClInclude>
    <ClInclude Include="..\include\fcgiapp.h">
      <Filter>Header Files</Filter>
    </ClInclude>
    <ClInclude Include="..\include\fcgimisc.h">
      <Filter>Header Files</Filter>
    </ClInclude>
    <ClInclude Include="..\include\fcgio.h">
      <Filter>Header Files</Filter>
    </ClInclude>
    <ClInclude Include="..\include\fcgios.h">
      <Filter>Header Files</Filter>
    </ClInclude>
  </ItemGroup>
  <ItemGroup>
    <None Include="..\README" />
  </ItemGroup>
</Project>